
Microsoft Visual Studio Solution File, Format Version 12.00
# Visual Studio Version 16
VisualStudioVersion = 16.0.29911.84
MinimumVisualStudioVersion = 10.0.40219.1
Project("{FAE04EC0-301F-11D3-BF4B-00C04F79EFBC}") = "SongMania", "SongMania\SongMania.csproj", "{D60644FA-5A25-4057-BE6D-285E744C648C}"
EndProject
Global
	GlobalSection(SolutionConfigurationPlatforms) = preSolution
		Debug|Any CPU = Debug|Any CPU
		Release|Any CPU = Release|Any CPU
	EndGlobalSection
	GlobalSection(ProjectConfigurationPlatforms) = postSolution
		{D60644FA-5A25-4057-BE6D-285E744C648C}.Debug|Any CPU.ActiveCfg = Debug|Any CPU
		{D60644FA-5A25-4057-BE6D-285E744C648C}.Debug|Any CPU.Build.0 = Debug|Any CPU
		{D60644FA-5A25-4057-BE6D-285E744C648C}.Release|Any CPU.ActiveCfg = Release|Any CPU
		{D60644FA-5A25-4057-BE6D-285E744C648C}.Release|Any CPU.Build.0 = Release|Any CPU
	EndGlobalSection
	GlobalSection(SolutionProperties) = preSolution
		HideSolutionNode = FALSE
	EndGlobalSection
	GlobalSection(ExtensibilityGlobals) = postSolution
		SolutionGuid = {0CBFB07A-10CF-41F0-B091-00B0DE59B5C7}
	EndGlobalSection
EndGlobal
